
Microsoft Visual Studio Solution File, Format Version 11.00
# Visual Studio 2010
Project("{FAE04EC0-301F-11D3-BF4B-00C04F79EFBC}") = "Assembly-CSharp", "Assembly-CSharp.csproj", "{03e5e6a9-ece3-1276-969a-d999970add54}"
EndProject
Project("{FAE04EC0-301F-11D3-BF4B-00C04F79EFBC}") = "Assembly-CSharp-Editor", "Assembly-CSharp-Editor.csproj", "{9d4b687c-0759-5f61-56f0-48023c8e51e9}"
EndProject
Global
	GlobalSection(SolutionConfigurationPlatforms) = preSolution
		Debug|Any CPU = Debug|Any CPU
	EndGlobalSection
	GlobalSection(ProjectConfigurationPlatforms) = postSolution
		{03e5e6a9-ece3-1276-969a-d999970add54}.Debug|Any CPU.ActiveCfg = Debug|Any CPU
		{03e5e6a9-ece3-1276-969a-d999970add54}.Debug|Any CPU.Build.0 = Debug|Any CPU
		{9d4b687c-0759-5f61-56f0-48023c8e51e9}.Debug|Any CPU.ActiveCfg = Debug|Any CPU
		{9d4b687c-0759-5f61-56f0-48023c8e51e9}.Debug|Any CPU.Build.0 = Debug|Any CPU
	EndGlobalSection
	GlobalSection(SolutionProperties) = preSolution
		HideSolutionNode = FALSE
	EndGlobalSection
EndGlobal
